
Microsoft Visual Studio Solution File, Format Version 12.00
# Visual Studio Version 16
VisualStudioVersion = 16.0.30114.105
MinimumVisualStudioVersion = 10.0.40219.1
Project("{FAE04EC0-301F-11D3-BF4B-00C04F79EFBC}") = "MVC", "MVC\MVC.csproj", "{80A09C82-3281-4F15-A66B-E86D36E11CAA}"
EndProject
Global
	GlobalSection(SolutionConfigurationPlatforms) = preSolution
		Debug|Any CPU = Debug|Any CPU
		Release|Any CPU = Release|Any CPU
	EndGlobalSection
	GlobalSection(ProjectConfigurationPlatforms) = postSolution
		{80A09C82-3281-4F15-A66B-E86D36E11CAA}.Debug|Any CPU.ActiveCfg = Debug|Any CPU
		{80A09C82-3281-4F15-A66B-E86D36E11CAA}.Debug|Any CPU.Build.0 = Debug|Any CPU
		{80A09C82-3281-4F15-A66B-E86D36E11CAA}.Release|Any CPU.ActiveCfg = Release|Any CPU
		{80A09C82-3281-4F15-A66B-E86D36E11CAA}.Release|Any CPU.Build.0 = Release|Any CPU
	EndGlobalSection
	GlobalSection(SolutionProperties) = preSolution
		HideSolutionNode = FALSE
	EndGlobalSection
	GlobalSection(ExtensibilityGlobals) = postSolution
		SolutionGuid = {6D4679DD-B479-4520-950C-8CD724AE0376}
	EndGlobalSection
EndGlobal
